
Microsoft Visual Studio Solution File, Format Version 12.00
# Visual Studio Version 16
VisualStudioVersion = 16.0.30114.105
MinimumVisualStudioVersion = 10.0.40219.1
Project("{FAE04EC0-301F-11D3-BF4B-00C04F79EFBC}") = "MVVM", "MVVM\MVVM.csproj", "{7754290E-03B7-45C6-B6EC-9199705C7FEC}"
EndProject
Global
	GlobalSection(SolutionConfigurationPlatforms) = preSolution
		Debug|Any CPU = Debug|Any CPU
		Release|Any CPU = Release|Any CPU
	EndGlobalSection
	GlobalSection(ProjectConfigurationPlatforms) = postSolution
		{7754290E-03B7-45C6-B6EC-9199705C7FEC}.Debug|Any CPU.ActiveCfg = Debug|Any CPU
		{7754290E-03B7-45C6-B6EC-9199705C7FEC}.Debug|Any CPU.Build.0 = Debug|Any CPU
		{7754290E-03B7-45C6-B6EC-9199705C7FEC}.Release|Any CPU.ActiveCfg = Release|Any CPU
		{7754290E-03B7-45C6-B6EC-9199705C7FEC}.Release|Any CPU.Build.0 = Release|Any CPU
	EndGlobalSection
	GlobalSection(SolutionProperties) = preSolution
		HideSolutionNode = FALSE
	EndGlobalSection
	GlobalSection(ExtensibilityGlobals) = postSolution
		SolutionGuid = {45C4F0B2-C572-4DED-B935-A31EDD190FAF}
	EndGlobalSection
EndGlobal
